
Microsoft Visual Studio Solution File, Format Version 12.00
# Visual Studio Version 17
VisualStudioVersion = 17.8.34330.188
MinimumVisualStudioVersion = 10.0.40219.1
Project("{FAE04EC0-301F-11D3-BF4B-00C04F79EFBC}") = "LearningProgressTracker", "LearningProgressTracker\LearningProgressTracker.csproj", "{4DA16493-D309-4A58-AD5A-D736ADF8CC36}"
EndProject
Global
	GlobalSection(SolutionConfigurationPlatforms) = preSolution
		Debug|Any CPU = Debug|Any CPU
		Release|Any CPU = Release|Any CPU
	EndGlobalSection
	GlobalSection(ProjectConfigurationPlatforms) = postSolution
		{4DA16493-D309-4A58-AD5A-D736ADF8CC36}.Debug|Any CPU.ActiveCfg = Debug|Any CPU
		{4DA16493-D309-4A58-AD5A-D736ADF8CC36}.Debug|Any CPU.Build.0 = Debug|Any CPU
		{4DA16493-D309-4A58-AD5A-D736ADF8CC36}.Release|Any CPU.ActiveCfg = Release|Any CPU
		{4DA16493-D309-4A58-AD5A-D736ADF8CC36}.Release|Any CPU.Build.0 = Release|Any CPU
	EndGlobalSection
	GlobalSection(SolutionProperties) = preSolution
		HideSolutionNode = FALSE
	EndGlobalSection
	GlobalSection(ExtensibilityGlobals) = postSolution
		SolutionGuid = {D30E0F97-E2BB-48AE-BE06-D67DA9F5C518}
	EndGlobalSection
EndGlobal
